PODS:
  - Alamofire (4.8.2)
  - AlamofireImage (3.5.2):
    - Alamofire (~> 4.8)
  - Optik (0.4.0)

DEPENDENCIES:
  - AlamofireImage (= 3.5.2)
  - Optik (from `../`)

SPEC REPOS:
  https://github.com/CocoaPods/specs.git:
    - Alamofire
    - AlamofireImage

EXTERNAL SOURCES:
  Optik:
    :path: "../"

SPEC CHECKSUMS:
  Alamofire: ae5c501addb7afdbb13687d7f2f722c78734c2d3
  AlamofireImage: 63cfe3baf1370be6c498149687cf6db3e3b00999
  Optik: 6f5f6ab20ff6a8b7a28454eb657e9dbb3f77bfa7

PODFILE CHECKSUM: 48ad3517f5878faa0bb923c5ab31c8c176bc9654

COCOAPODS: 1.12.1
